
Microsoft Visual Studio Solution File, Format Version 12.00
# Visual Studio Version 16
VisualStudioVersion = 16.0.31424.327
MinimumVisualStudioVersion = 10.0.40219.1
Project("{FAE04EC0-301F-11D3-BF4B-00C04F79EFBC}") = "UCrashLogDet", "UCrashLogDet\UCrashLogDet.csproj", "{661636AA-E5FD-4032-B6D1-F5F37784ABAD}"
EndProject
Global
	GlobalSection(SolutionConfigurationPlatforms) = preSolution
		Debug|Any CPU = Debug|Any CPU
		Release|Any CPU = Release|Any CPU
	EndGlobalSection
	GlobalSection(ProjectConfigurationPlatforms) = postSolution
		{661636AA-E5FD-4032-B6D1-F5F37784ABAD}.Debug|Any CPU.ActiveCfg = Debug|Any CPU
		{661636AA-E5FD-4032-B6D1-F5F37784ABAD}.Debug|Any CPU.Build.0 = Debug|Any CPU
		{661636AA-E5FD-4032-B6D1-F5F37784ABAD}.Release|Any CPU.ActiveCfg = Release|Any CPU
		{661636AA-E5FD-4032-B6D1-F5F37784ABAD}.Release|Any CPU.Build.0 = Release|Any CPU
	EndGlobalSection
	GlobalSection(SolutionProperties) = preSolution
		HideSolutionNode = FALSE
	EndGlobalSection
	GlobalSection(ExtensibilityGlobals) = postSolution
		SolutionGuid = {D8A75683-C652-46FA-8222-4B140C0DC964}
	EndGlobalSection
EndGlobal
